
Microsoft Visual Studio Solution File, Format Version 12.00
# Visual Studio Version 17
VisualStudioVersion = 17.10.35013.160
MinimumVisualStudioVersion = 10.0.40219.1
Project("{888888A0-9F3D-457C-B088-3A5042F75D52}") = "alienDefender - Blog Game", "alienDefender - Blog Game.pyproj", "{DE7ED401-578D-433E-8574-222B454159CB}"
EndProject
Global
	GlobalSection(SolutionConfigurationPlatforms) = preSolution
		Debug|Any CPU = Debug|Any CPU
		Release|Any CPU = Release|Any CPU
	EndGlobalSection
	GlobalSection(ProjectConfigurationPlatforms) = postSolution
		{DE7ED401-578D-433E-8574-222B454159CB}.Debug|Any CPU.ActiveCfg = Debug|Any CPU
		{DE7ED401-578D-433E-8574-222B454159CB}.Release|Any CPU.ActiveCfg = Release|Any CPU
	EndGlobalSection
	GlobalSection(SolutionProperties) = preSolution
		HideSolutionNode = FALSE
	EndGlobalSection
	GlobalSection(ExtensibilityGlobals) = postSolution
		SolutionGuid = {78B54627-5E7D-46C8-ADFE-2908D5048455}
	EndGlobalSection
EndGlobal
